Microsoft Visual Studio Solution File, Format Version 12.00
# Visual Studio 14
VisualStudioVersion = 14.0.25420.1
MinimumVisualStudioVersion = 10.0.40219.1
Project("{FAE04EC0-301F-11D3-BF4B-00C04F79EFBC}") = "Kvartplata", "Kvartplata.csproj", "{6E31B182-6A8A-4DC9-8713-B21C28DDB815}"
EndProject
Project("{FAE04EC0-301F-11D3-BF4B-00C04F79EFBC}") = "Decript", "Decript\Decript\Decript.csproj", "{96AA14FF-067F-4856-88AF-4E41F4FB09E7}"
EndProject
Global
	GlobalSection(SolutionConfigurationPlatforms) = preSolution
		Debug|Any CPU = Debug|Any CPU
		Release|Any CPU = Release|Any CPU
	EndGlobalSection
	GlobalSection(ProjectConfigurationPlatforms) = postSolution
		{6E31B182-6A8A-4DC9-8713-B21C28DDB815}.Debug|Any CPU.ActiveCfg = Debug|Any CPU
		{6E31B182-6A8A-4DC9-8713-B21C28DDB815}.Debug|Any CPU.Build.0 = Debug|Any CPU
		{6E31B182-6A8A-4DC9-8713-B21C28DDB815}.Release|Any CPU.ActiveCfg = Release|Any CPU
		{6E31B182-6A8A-4DC9-8713-B21C28DDB815}.Release|Any CPU.Build.0 = Release|Any CPU
		{96AA14FF-067F-4856-88AF-4E41F4FB09E7}.Debug|Any CPU.ActiveCfg = Debug|Any CPU
		{96AA14FF-067F-4856-88AF-4E41F4FB09E7}.Debug|Any CPU.Build.0 = Debug|Any CPU
		{96AA14FF-067F-4856-88AF-4E41F4FB09E7}.Release|Any CPU.ActiveCfg = Release|Any CPU
		{96AA14FF-067F-4856-88AF-4E41F4FB09E7}.Release|Any CPU.Build.0 = Release|Any CPU
	EndGlobalSection
	GlobalSection(SolutionProperties) = preSolution
		HideSolutionNode = FALSE
	EndGlobalSection
EndGlobal
